
Microsoft Visual Studio Solution File, Format Version 12.00
# Visual Studio Version 17
VisualStudioVersion = 17.13.35828.75
MinimumVisualStudioVersion = 10.0.40219.1
Project("{FAE04EC0-301F-11D3-BF4B-00C04F79EFBC}") = "LINQLab01Answers", "LINQLab01Answers\LINQLab01Answers.csproj", "{B8D88688-902B-443C-8CFF-47AAD59998F3}"
EndProject
Global
	GlobalSection(SolutionConfigurationPlatforms) = preSolution
		Debug|Any CPU = Debug|Any CPU
		Release|Any CPU = Release|Any CPU
	EndGlobalSection
	GlobalSection(ProjectConfigurationPlatforms) = postSolution
		{B8D88688-902B-443C-8CFF-47AAD59998F3}.Debug|Any CPU.ActiveCfg = Debug|Any CPU
		{B8D88688-902B-443C-8CFF-47AAD59998F3}.Debug|Any CPU.Build.0 = Debug|Any CPU
		{B8D88688-902B-443C-8CFF-47AAD59998F3}.Release|Any CPU.ActiveCfg = Release|Any CPU
		{B8D88688-902B-443C-8CFF-47AAD59998F3}.Release|Any CPU.Build.0 = Release|Any CPU
	EndGlobalSection
	GlobalSection(SolutionProperties) = preSolution
		HideSolutionNode = FALSE
	EndGlobalSection
	GlobalSection(ExtensibilityGlobals) = postSolution
		SolutionGuid = {6E120E0C-C3C8-4762-BA67-8A86F2728241}
	EndGlobalSection
EndGlobal
