
Microsoft Visual Studio Solution File, Format Version 12.00
# Visual Studio Version 17
VisualStudioVersion = 17.13.35828.75
MinimumVisualStudioVersion = 10.0.40219.1
Project("{FAE04EC0-301F-11D3-BF4B-00C04F79EFBC}") = "ITIDB_Form_in_discon", "ITIDB_Form_in_discon\ITIDB_Form_in_discon.csproj", "{DAECA342-D16B-4F4D-98C8-D6B6F80E0438}"
EndProject
Project("{FAE04EC0-301F-11D3-BF4B-00C04F79EFBC}") = "ITIDB_Form_in_NTiers", "ITIDB_Form_in_NTiers\ITIDB_Form_in_NTiers.csproj", "{2422126C-8886-4569-99D0-32AC1405BC21}"
EndProject
Project("{FAE04EC0-301F-11D3-BF4B-00C04F79EFBC}") = "ITIDB_Form_in_conn", "ITIDB_Form_in_conn\ITIDB_Form_in_conn.csproj", "{B0A1C028-11BE-4EFF-834E-A0C830C172F2}"
EndProject
Global
	GlobalSection(SolutionConfigurationPlatforms) = preSolution
		Debug|Any CPU = Debug|Any CPU
		Release|Any CPU = Release|Any CPU
	EndGlobalSection
	GlobalSection(ProjectConfigurationPlatforms) = postSolution
		{DAECA342-D16B-4F4D-98C8-D6B6F80E0438}.Debug|Any CPU.ActiveCfg = Debug|Any CPU
		{DAECA342-D16B-4F4D-98C8-D6B6F80E0438}.Debug|Any CPU.Build.0 = Debug|Any CPU
		{DAECA342-D16B-4F4D-98C8-D6B6F80E0438}.Release|Any CPU.ActiveCfg = Release|Any CPU
		{DAECA342-D16B-4F4D-98C8-D6B6F80E0438}.Release|Any CPU.Build.0 = Release|Any CPU
		{2422126C-8886-4569-99D0-32AC1405BC21}.Debug|Any CPU.ActiveCfg = Debug|Any CPU
		{2422126C-8886-4569-99D0-32AC1405BC21}.Debug|Any CPU.Build.0 = Debug|Any CPU
		{2422126C-8886-4569-99D0-32AC1405BC21}.Release|Any CPU.ActiveCfg = Release|Any CPU
		{2422126C-8886-4569-99D0-32AC1405BC21}.Release|Any CPU.Build.0 = Release|Any CPU
		{B0A1C028-11BE-4EFF-834E-A0C830C172F2}.Debug|Any CPU.ActiveCfg = Debug|Any CPU
		{B0A1C028-11BE-4EFF-834E-A0C830C172F2}.Debug|Any CPU.Build.0 = Debug|Any CPU
		{B0A1C028-11BE-4EFF-834E-A0C830C172F2}.Release|Any CPU.ActiveCfg = Release|Any CPU
		{B0A1C028-11BE-4EFF-834E-A0C830C172F2}.Release|Any CPU.Build.0 = Release|Any CPU
	EndGlobalSection
	GlobalSection(SolutionProperties) = preSolution
		HideSolutionNode = FALSE
	EndGlobalSection
	GlobalSection(ExtensibilityGlobals) = postSolution
		SolutionGuid = {4BDB64B8-68FC-4A8F-8415-B2DDB5958FDD}
	EndGlobalSection
EndGlobal
