
Microsoft Visual Studio Solution File, Format Version 12.00
# Visual Studio Version 17
VisualStudioVersion = 17.13.35828.75 d17.13
MinimumVisualStudioVersion = 10.0.40219.1
Project("{FAE04EC0-301F-11D3-BF4B-00C04F79EFBC}") = "Early&Late-Binding", "Early&Late-Binding\Early&Late-Binding.csproj", "{B4A10927-25C7-4F3B-8E19-CD9FDBE774A9}"
EndProject
Global
	GlobalSection(SolutionConfigurationPlatforms) = preSolution
		Debug|Any CPU = Debug|Any CPU
		Release|Any CPU = Release|Any CPU
	EndGlobalSection
	GlobalSection(ProjectConfigurationPlatforms) = postSolution
		{B4A10927-25C7-4F3B-8E19-CD9FDBE774A9}.Debug|Any CPU.ActiveCfg = Debug|Any CPU
		{B4A10927-25C7-4F3B-8E19-CD9FDBE774A9}.Debug|Any CPU.Build.0 = Debug|Any CPU
		{B4A10927-25C7-4F3B-8E19-CD9FDBE774A9}.Release|Any CPU.ActiveCfg = Release|Any CPU
		{B4A10927-25C7-4F3B-8E19-CD9FDBE774A9}.Release|Any CPU.Build.0 = Release|Any CPU
	EndGlobalSection
	GlobalSection(SolutionProperties) = preSolution
		HideSolutionNode = FALSE
	EndGlobalSection
	GlobalSection(ExtensibilityGlobals) = postSolution
		SolutionGuid = {6683B11C-04F8-4DD1-8E91-2AB598DA6A11}
	EndGlobalSection
EndGlobal
