
Microsoft Visual Studio Solution File, Format Version 12.00
# Visual Studio Version 17
VisualStudioVersion = 17.13.35828.75 d17.13
MinimumVisualStudioVersion = 10.0.40219.1
Project("{FAE04EC0-301F-11D3-BF4B-00C04F79EFBC}") = "EF_With_ITIDB", "EF_With_ITIDB\EF_With_ITIDB.csproj", "{FE337A9A-892B-4319-8D10-651BD3BBDEAA}"
EndProject
Global
	GlobalSection(SolutionConfigurationPlatforms) = preSolution
		Debug|Any CPU = Debug|Any CPU
		Release|Any CPU = Release|Any CPU
	EndGlobalSection
	GlobalSection(ProjectConfigurationPlatforms) = postSolution
		{FE337A9A-892B-4319-8D10-651BD3BBDEAA}.Debug|Any CPU.ActiveCfg = Debug|Any CPU
		{FE337A9A-892B-4319-8D10-651BD3BBDEAA}.Debug|Any CPU.Build.0 = Debug|Any CPU
		{FE337A9A-892B-4319-8D10-651BD3BBDEAA}.Release|Any CPU.ActiveCfg = Release|Any CPU
		{FE337A9A-892B-4319-8D10-651BD3BBDEAA}.Release|Any CPU.Build.0 = Release|Any CPU
	EndGlobalSection
	GlobalSection(SolutionProperties) = preSolution
		HideSolutionNode = FALSE
	EndGlobalSection
	GlobalSection(ExtensibilityGlobals) = postSolution
		SolutionGuid = {BBD1EC74-E672-4E6A-A8C7-4F48379195A5}
	EndGlobalSection
EndGlobal
