
Microsoft Visual Studio Solution File, Format Version 12.00
# Visual Studio Version 17
VisualStudioVersion = 17.13.35828.75 d17.13
MinimumVisualStudioVersion = 10.0.40219.1
Project("{FAE04EC0-301F-11D3-BF4B-00C04F79EFBC}") = "ITIDB_Form", "ITIDB_Form\ITIDB_Form.csproj", "{BA0626DA-EF83-4D1F-9EBF-EB75DA68806F}"
EndProject
Global
	GlobalSection(SolutionConfigurationPlatforms) = preSolution
		Debug|Any CPU = Debug|Any CPU
		Release|Any CPU = Release|Any CPU
	EndGlobalSection
	GlobalSection(ProjectConfigurationPlatforms) = postSolution
		{BA0626DA-EF83-4D1F-9EBF-EB75DA68806F}.Debug|Any CPU.ActiveCfg = Debug|Any CPU
		{BA0626DA-EF83-4D1F-9EBF-EB75DA68806F}.Debug|Any CPU.Build.0 = Debug|Any CPU
		{BA0626DA-EF83-4D1F-9EBF-EB75DA68806F}.Release|Any CPU.ActiveCfg = Release|Any CPU
		{BA0626DA-EF83-4D1F-9EBF-EB75DA68806F}.Release|Any CPU.Build.0 = Release|Any CPU
	EndGlobalSection
	GlobalSection(SolutionProperties) = preSolution
		HideSolutionNode = FALSE
	EndGlobalSection
	GlobalSection(ExtensibilityGlobals) = postSolution
		SolutionGuid = {7B7B234C-2558-4C1F-ACE7-9106A81C3384}
	EndGlobalSection
EndGlobal
