
Microsoft Visual Studio Solution File, Format Version 12.00
# Visual Studio Version 17
VisualStudioVersion = 17.12.35707.178 d17.12
MinimumVisualStudioVersion = 10.0.40219.1
Project("{FAE04EC0-301F-11D3-BF4B-00C04F79EFBC}") = "WindowsFormsApp1self study", "WindowsFormsApp1self study\WindowsFormsApp1self study.csproj", "{9ADC3683-EC19-459C-99D8-216F249655DF}"
EndProject
Global
	GlobalSection(SolutionConfigurationPlatforms) = preSolution
		Debug|Any CPU = Debug|Any CPU
		Release|Any CPU = Release|Any CPU
	EndGlobalSection
	GlobalSection(ProjectConfigurationPlatforms) = postSolution
		{9ADC3683-EC19-459C-99D8-216F249655DF}.Debug|Any CPU.ActiveCfg = Debug|Any CPU
		{9ADC3683-EC19-459C-99D8-216F249655DF}.Debug|Any CPU.Build.0 = Debug|Any CPU
		{9ADC3683-EC19-459C-99D8-216F249655DF}.Release|Any CPU.ActiveCfg = Release|Any CPU
		{9ADC3683-EC19-459C-99D8-216F249655DF}.Release|Any CPU.Build.0 = Release|Any CPU
	EndGlobalSection
	GlobalSection(SolutionProperties) = preSolution
		HideSolutionNode = FALSE
	EndGlobalSection
EndGlobal
